
Microsoft Visual Studio Solution File, Format Version 12.00
# Visual Studio Version 17
VisualStudioVersion = 17.14.36518.9
MinimumVisualStudioVersion = 10.0.40219.1
Project("{FAE04EC0-301F-11D3-BF4B-00C04F79EFBC}") = "SoftVidDBManager", "SoftVidDBManager\SoftVidDBManager.csproj", "{EBE7BA70-D591-4C7B-839F-7B51362B6770}"
EndProject
Project("{FAE04EC0-301F-11D3-BF4B-00C04F79EFBC}") = "SoftVidPersistance", "SoftVidPersistance\SoftVidPersistance.csproj", "{7F2B5A43-1977-4D79-B0EA-A18E4981523E}"
EndProject
Project("{FAE04EC0-301F-11D3-BF4B-00C04F79EFBC}") = "SoftVidModel", "SoftVidModel\SoftVidModel.csproj", "{01426B7B-5F48-46B7-A9D3-F79502BE2B93}"
EndProject
Project("{FAE04EC0-301F-11D3-BF4B-00C04F79EFBC}") = "SoftVidBusiness", "SoftInvBusiness\SoftVidBusiness.csproj", "{82EF0B46-64FA-4B57-B44D-E9F27124CDB7}"
EndProject
Project("{FAE04EC0-301F-11D3-BF4B-00C04F79EFBC}") = "SoftVidTest", "SoftVidTest\SoftVidTest.csproj", "{BED54FF4-2560-4F03-8979-E0C3665D2DED}"
EndProject
Global
	GlobalSection(SolutionConfigurationPlatforms) = preSolution
		Debug|Any CPU = Debug|Any CPU
		Release|Any CPU = Release|Any CPU
	EndGlobalSection
	GlobalSection(ProjectConfigurationPlatforms) = postSolution
		{EBE7BA70-D591-4C7B-839F-7B51362B6770}.Debug|Any CPU.ActiveCfg = Debug|Any CPU
		{EBE7BA70-D591-4C7B-839F-7B51362B6770}.Debug|Any CPU.Build.0 = Debug|Any CPU
		{EBE7BA70-D591-4C7B-839F-7B51362B6770}.Release|Any CPU.ActiveCfg = Release|Any CPU
		{EBE7BA70-D591-4C7B-839F-7B51362B6770}.Release|Any CPU.Build.0 = Release|Any CPU
		{7F2B5A43-1977-4D79-B0EA-A18E4981523E}.Debug|Any CPU.ActiveCfg = Debug|Any CPU
		{7F2B5A43-1977-4D79-B0EA-A18E4981523E}.Debug|Any CPU.Build.0 = Debug|Any CPU
		{7F2B5A43-1977-4D79-B0EA-A18E4981523E}.Release|Any CPU.ActiveCfg = Release|Any CPU
		{7F2B5A43-1977-4D79-B0EA-A18E4981523E}.Release|Any CPU.Build.0 = Release|Any CPU
		{01426B7B-5F48-46B7-A9D3-F79502BE2B93}.Debug|Any CPU.ActiveCfg = Debug|Any CPU
		{01426B7B-5F48-46B7-A9D3-F79502BE2B93}.Debug|Any CPU.Build.0 = Debug|Any CPU
		{01426B7B-5F48-46B7-A9D3-F79502BE2B93}.Release|Any CPU.ActiveCfg = Release|Any CPU
		{01426B7B-5F48-46B7-A9D3-F79502BE2B93}.Release|Any CPU.Build.0 = Release|Any CPU
		{82EF0B46-64FA-4B57-B44D-E9F27124CDB7}.Debug|Any CPU.ActiveCfg = Debug|Any CPU
		{82EF0B46-64FA-4B57-B44D-E9F27124CDB7}.Debug|Any CPU.Build.0 = Debug|Any CPU
		{82EF0B46-64FA-4B57-B44D-E9F27124CDB7}.Release|Any CPU.ActiveCfg = Release|Any CPU
		{82EF0B46-64FA-4B57-B44D-E9F27124CDB7}.Release|Any CPU.Build.0 = Release|Any CPU
		{BED54FF4-2560-4F03-8979-E0C3665D2DED}.Debug|Any CPU.ActiveCfg = Debug|Any CPU
		{BED54FF4-2560-4F03-8979-E0C3665D2DED}.Debug|Any CPU.Build.0 = Debug|Any CPU
		{BED54FF4-2560-4F03-8979-E0C3665D2DED}.Release|Any CPU.ActiveCfg = Release|Any CPU
		{BED54FF4-2560-4F03-8979-E0C3665D2DED}.Release|Any CPU.Build.0 = Release|Any CPU
	EndGlobalSection
	GlobalSection(SolutionProperties) = preSolution
		HideSolutionNode = FALSE
	EndGlobalSection
	GlobalSection(ExtensibilityGlobals) = postSolution
		SolutionGuid = {10013217-06BF-4941-B5E7-130E52C06770}
	EndGlobalSection
EndGlobal
